
Microsoft Visual Studio Solution File, Format Version 12.00
Project("{FAE04EC0-301F-11D3-BF4B-00C04F79EFBC}") = "hw3 05.12", "hw3 05.12\hw3 05.12.csproj", "{59097388-77CE-411E-AA6D-0DA596BBCF62}"
EndProject
Global
	GlobalSection(SolutionConfigurationPlatforms) = preSolution
		Debug|Any CPU = Debug|Any CPU
		Release|Any CPU = Release|Any CPU
	EndGlobalSection
	GlobalSection(ProjectConfigurationPlatforms) = postSolution
		{59097388-77CE-411E-AA6D-0DA596BBCF62}.Debug|Any CPU.ActiveCfg = Debug|Any CPU
		{59097388-77CE-411E-AA6D-0DA596BBCF62}.Debug|Any CPU.Build.0 = Debug|Any CPU
		{59097388-77CE-411E-AA6D-0DA596BBCF62}.Release|Any CPU.ActiveCfg = Release|Any CPU
		{59097388-77CE-411E-AA6D-0DA596BBCF62}.Release|Any CPU.Build.0 = Release|Any CPU
	EndGlobalSection
EndGlobal
